# This file is generated by running "yarn install" inside your project.
# Manual changes might be lost - proceed with caution!

__metadata:
  version: 8
  cacheKey: 10c0

"@avh4/elm-format-darwin-arm64@npm:0.8.8-1":
  version: 0.8.8-1
  resolution: "@avh4/elm-format-darwin-arm64@npm:0.8.8-1"
  conditions: os=darwin & cpu=arm64
  languageName: node
  linkType: hard

"@avh4/elm-format-darwin-x64@npm:0.8.8-1":
  version: 0.8.8-1
  resolution: "@avh4/elm-format-darwin-x64@npm:0.8.8-1"
  conditions: os=darwin & cpu=x64
  languageName: node
  linkType: hard

"@avh4/elm-format-linux-arm64@npm:0.8.8-1":
  version: 0.8.8-1
  resolution: "@avh4/elm-format-linux-arm64@npm:0.8.8-1"
  conditions: os=linux & cpu=arm64
  languageName: node
  linkType: hard

"@avh4/elm-format-linux-x64@npm:0.8.8-1":
  version: 0.8.8-1
  resolution: "@avh4/elm-format-linux-x64@npm:0.8.8-1"
  conditions: os=linux & cpu=x64
  languageName: node
  linkType: hard

"@avh4/elm-format-win32-x64@npm:0.8.8-1":
  version: 0.8.8-1
  resolution: "@avh4/elm-format-win32-x64@npm:0.8.8-1"
  conditions: os=win32 & cpu=x64
  languageName: node
  linkType: hard

"@chialab/esbuild-plugin-html@npm:0.18.2":
  version: 0.18.2
  resolution: "@chialab/esbuild-plugin-html@npm:0.18.2"
  dependencies:
    "@chialab/esbuild-rna": "npm:^0.18.1"
  peerDependencies:
    htmlnano: ^2.0.0
  peerDependenciesMeta:
    htmlnano:
      optional: true
  checksum: 10c0/ecf045e8c2c215d09fb9679ee9be9217c6de6f550f9e9f9d11e7c8390c4665e62f3461d43aa55a7f27eb4e023d42675e908debaff664be3d4d44bbbfb3eb7b59
  languageName: node
  linkType: hard

"@chialab/esbuild-rna@npm:^0.18.1":
  version: 0.18.2
  resolution: "@chialab/esbuild-rna@npm:0.18.2"
  dependencies:
    "@chialab/estransform": "npm:^0.18.0"
    "@chialab/node-resolve": "npm:^0.18.0"
  checksum: 10c0/ed1e542b85b121b02fa6fd9a554c7306d96ffd08e29905fa7959acd0011e9fba7c70702f4dee2e32d3a9b7b886767d319bb7cd6909ee765c364f828348329884
  languageName: node
  linkType: hard

"@chialab/estransform@npm:^0.18.0":
  version: 0.18.1
  resolution: "@chialab/estransform@npm:0.18.1"
  dependencies:
    "@parcel/source-map": "npm:^2.0.0"
  checksum: 10c0/0e58a740a44de0918a413e6ef85061a8c2e87d26d5ba3e9e819bf08636fd9630da78caec318fa95e66b1ad1f8aa7ea4e1f00e1b2d8d0720f2837d8eff3e6f63c
  languageName: node
  linkType: hard

"@chialab/node-resolve@npm:^0.18.0":
  version: 0.18.0
  resolution: "@chialab/node-resolve@npm:0.18.0"
  checksum: 10c0/99ba3e219de064d0fb97079e3f715eae088f1b203825bf6a4ecb7c3bfc03db1dd6509a3e6d2c130d370200e29a5e2d43cde44ca3324377d4cad04d38582d1769
  languageName: node
  linkType: hard

"@elm_binaries/darwin_arm64@npm:0.19.1-0":
  version: 0.19.1-0
  resolution: "@elm_binaries/darwin_arm64@npm:0.19.1-0"
  conditions: os=darwin & cpu=arm64
  languageName: node
  linkType: hard

"@elm_binaries/darwin_x64@npm:0.19.1-0":
  version: 0.19.1-0
  resolution: "@elm_binaries/darwin_x64@npm:0.19.1-0"
  conditions: os=darwin & cpu=x64
  languageName: node
  linkType: hard

"@elm_binaries/linux_x64@npm:0.19.1-0":
  version: 0.19.1-0
  resolution: "@elm_binaries/linux_x64@npm:0.19.1-0"
  conditions: os=linux & cpu=x64
  languageName: node
  linkType: hard

"@elm_binaries/win32_x64@npm:0.19.1-0":
  version: 0.19.1-0
  resolution: "@elm_binaries/win32_x64@npm:0.19.1-0"
  conditions: os=win32 & cpu=x64
  languageName: node
  linkType: hard

"@esbuild/aix-ppc64@npm:0.25.9":
  version: 0.25.9
  resolution: "@esbuild/aix-ppc64@npm:0.25.9"
  conditions: os=aix & cpu=ppc64
  languageName: node
  linkType: hard

"@esbuild/android-arm64@npm:0.25.9":
  version: 0.25.9
  resolution: "@esbuild/android-arm64@npm:0.25.9"
  conditions: os=android & cpu=arm64
  languageName: node
  linkType: hard

"@esbuild/android-arm@npm:0.25.9":
  version: 0.25.9
  resolution: "@esbuild/android-arm@npm:0.25.9"
  conditions: os=android & cpu=arm
  languageName: node
  linkType: hard

"@esbuild/android-x64@npm:0.25.9":
  version: 0.25.9
  resolution: "@esbuild/android-x64@npm:0.25.9"
  conditions: os=android & cpu=x64
  languageName: node
  linkType: hard

"@esbuild/darwin-arm64@npm:0.25.9":
  version: 0.25.9
  resolution: "@esbuild/darwin-arm64@npm:0.25.9"
  conditions: os=darwin & cpu=arm64
  languageName: node
  linkType: hard

"@esbuild/darwin-x64@npm:0.25.9":
  version: 0.25.9
  resolution: "@esbuild/darwin-x64@npm:0.25.9"
  conditions: os=darwin & cpu=x64
  languageName: node
  linkType: hard

"@esbuild/freebsd-arm64@npm:0.25.9":
  version: 0.25.9
  resolution: "@esbuild/freebsd-arm64@npm:0.25.9"
  conditions: os=freebsd & cpu=arm64
  languageName: node
  linkType: hard

"@esbuild/freebsd-x64@npm:0.25.9":
  version: 0.25.9
  resolution: "@esbuild/freebsd-x64@npm:0.25.9"
  conditions: os=freebsd & cpu=x64
  languageName: node
  linkType: hard

"@esbuild/linux-arm64@npm:0.25.9":
  version: 0.25.9
  resolution: "@esbuild/linux-arm64@npm:0.25.9"
  conditions: os=linux & cpu=arm64
  languageName: node
  linkType: hard

"@esbuild/linux-arm@npm:0.25.9":
  version: 0.25.9
  resolution: "@esbuild/linux-arm@npm:0.25.9"
  conditions: os=linux & cpu=arm
  languageName: node
  linkType: hard

"@esbuild/linux-ia32@npm:0.25.9":
  version: 0.25.9
  resolution: "@esbuild/linux-ia32@npm:0.25.9"
  conditions: os=linux & cpu=ia32
  languageName: node
  linkType: hard

"@esbuild/linux-loong64@npm:0.25.9":
  version: 0.25.9
  resolution: "@esbuild/linux-loong64@npm:0.25.9"
  conditions: os=linux & cpu=loong64
  languageName: node
  linkType: hard

"@esbuild/linux-mips64el@npm:0.25.9":
  version: 0.25.9
  resolution: "@esbuild/linux-mips64el@npm:0.25.9"
  conditions: os=linux & cpu=mips64el
  languageName: node
  linkType: hard

"@esbuild/linux-ppc64@npm:0.25.9":
  version: 0.25.9
  resolution: "@esbuild/linux-ppc64@npm:0.25.9"
  conditions: os=linux & cpu=ppc64
  languageName: node
  linkType: hard

"@esbuild/linux-riscv64@npm:0.25.9":
  version: 0.25.9
  resolution: "@esbuild/linux-riscv64@npm:0.25.9"
  conditions: os=linux & cpu=riscv64
  languageName: node
  linkType: hard

"@esbuild/linux-s390x@npm:0.25.9":
  version: 0.25.9
  resolution: "@esbuild/linux-s390x@npm:0.25.9"
  conditions: os=linux & cpu=s390x
  languageName: node
  linkType: hard

"@esbuild/linux-x64@npm:0.25.9":
  version: 0.25.9
  resolution: "@esbuild/linux-x64@npm:0.25.9"
  conditions: os=linux & cpu=x64
  languageName: node
  linkType: hard

"@esbuild/netbsd-arm64@npm:0.25.9":
  version: 0.25.9
  resolution: "@esbuild/netbsd-arm64@npm:0.25.9"
  conditions: os=netbsd & cpu=arm64
  languageName: node
  linkType: hard

"@esbuild/netbsd-x64@npm:0.25.9":
  version: 0.25.9
  resolution: "@esbuild/netbsd-x64@npm:0.25.9"
  conditions: os=netbsd & cpu=x64
  languageName: node
  linkType: hard

"@esbuild/openbsd-arm64@npm:0.25.9":
  version: 0.25.9
  resolution: "@esbuild/openbsd-arm64@npm:0.25.9"
  conditions: os=openbsd & cpu=arm64
  languageName: node
  linkType: hard

"@esbuild/openbsd-x64@npm:0.25.9":
  version: 0.25.9
  resolution: "@esbuild/openbsd-x64@npm:0.25.9"
  conditions: os=openbsd & cpu=x64
  languageName: node
  linkType: hard

"@esbuild/openharmony-arm64@npm:0.25.9":
  version: 0.25.9
  resolution: "@esbuild/openharmony-arm64@npm:0.25.9"
  conditions: os=openharmony & cpu=arm64
  languageName: node
  linkType: hard

"@esbuild/sunos-x64@npm:0.25.9":
  version: 0.25.9
  resolution: "@esbuild/sunos-x64@npm:0.25.9"
  conditions: os=sunos & cpu=x64
  languageName: node
  linkType: hard

"@esbuild/win32-arm64@npm:0.25.9":
  version: 0.25.9
  resolution: "@esbuild/win32-arm64@npm:0.25.9"
  conditions: os=win32 & cpu=arm64
  languageName: node
  linkType: hard

"@esbuild/win32-ia32@npm:0.25.9":
  version: 0.25.9
  resolution: "@esbuild/win32-ia32@npm:0.25.9"
  conditions: os=win32 & cpu=ia32
  languageName: node
  linkType: hard

"@esbuild/win32-x64@npm:0.25.9":
  version: 0.25.9
  resolution: "@esbuild/win32-x64@npm:0.25.9"
  conditions: os=win32 & cpu=x64
  languageName: node
  linkType: hard

"@parcel/source-map@npm:^2.0.0":
  version: 2.1.1
  resolution: "@parcel/source-map@npm:2.1.1"
  dependencies:
    detect-libc: "npm:^1.0.3"
  checksum: 10c0/cea8450e152666be413556f0d100f125e81646bffc497e7c792bd9fc5067d052f1a008c8404ce1cd3a587d58b9ef57207ada89149cf2c705e71b1978308045f6
  languageName: node
  linkType: hard

"balanced-match@npm:^1.0.0":
  version: 1.0.2
  resolution: "balanced-match@npm:1.0.2"
  checksum: 10c0/9308baf0a7e4838a82bbfd11e01b1cb0f0cf2893bc1676c27c2a8c0e70cbae1c59120c3268517a8ae7fb6376b4639ef81ca22582611dbee4ed28df945134aaee
  languageName: node
  linkType: hard

"brace-expansion@npm:^1.1.7":
  version: 1.1.11
  resolution: "brace-expansion@npm:1.1.11"
  dependencies:
    balanced-match: "npm:^1.0.0"
    concat-map: "npm:0.0.1"
  checksum: 10c0/695a56cd058096a7cb71fb09d9d6a7070113c7be516699ed361317aca2ec169f618e28b8af352e02ab4233fb54eb0168460a40dc320bab0034b36ab59aaad668
  languageName: node
  linkType: hard

"chokidar@npm:^4.0.0":
  version: 4.0.1
  resolution: "chokidar@npm:4.0.1"
  dependencies:
    readdirp: "npm:^4.0.1"
  checksum: 10c0/4bb7a3adc304059810bb6c420c43261a15bb44f610d77c35547addc84faa0374265c3adc67f25d06f363d9a4571962b02679268c40de07676d260de1986efea9
  languageName: node
  linkType: hard

"command-exists@npm:^1.2.9":
  version: 1.2.9
  resolution: "command-exists@npm:1.2.9"
  checksum: 10c0/75040240062de46cd6cd43e6b3032a8b0494525c89d3962e280dde665103f8cc304a8b313a5aa541b91da2f5a9af75c5959dc3a77893a2726407a5e9a0234c16
  languageName: node
  linkType: hard

"concat-map@npm:0.0.1":
  version: 0.0.1
  resolution: "concat-map@npm:0.0.1"
  checksum: 10c0/c996b1cfdf95b6c90fee4dae37e332c8b6eb7d106430c17d538034c0ad9a1630cb194d2ab37293b1bdd4d779494beee7786d586a50bd9376fd6f7bcc2bd4c98f
  languageName: node
  linkType: hard

"cross-spawn@npm:6.0.5":
  version: 6.0.5
  resolution: "cross-spawn@npm:6.0.5"
  dependencies:
    nice-try: "npm:^1.0.4"
    path-key: "npm:^2.0.1"
    semver: "npm:^5.5.0"
    shebang-command: "npm:^1.2.0"
    which: "npm:^1.2.9"
  checksum: 10c0/e05544722e9d7189b4292c66e42b7abeb21db0d07c91b785f4ae5fefceb1f89e626da2703744657b287e86dcd4af57b54567cef75159957ff7a8a761d9055012
  languageName: node
  linkType: hard

"detect-libc@npm:^1.0.3":
  version: 1.0.3
  resolution: "detect-libc@npm:1.0.3"
  bin:
    detect-libc: ./bin/detect-libc.js
  checksum: 10c0/4da0deae9f69e13bc37a0902d78bf7169480004b1fed3c19722d56cff578d16f0e11633b7fbf5fb6249181236c72e90024cbd68f0b9558ae06e281f47326d50d
  languageName: node
  linkType: hard

"elm-format@npm:0.8.8":
  version: 0.8.8
  resolution: "elm-format@npm:0.8.8"
  dependencies:
    "@avh4/elm-format-darwin-arm64": "npm:0.8.8-1"
    "@avh4/elm-format-darwin-x64": "npm:0.8.8-1"
    "@avh4/elm-format-linux-arm64": "npm:0.8.8-1"
    "@avh4/elm-format-linux-x64": "npm:0.8.8-1"
    "@avh4/elm-format-win32-x64": "npm:0.8.8-1"
  dependenciesMeta:
    "@avh4/elm-format-darwin-arm64":
      optional: true
    "@avh4/elm-format-darwin-x64":
      optional: true
    "@avh4/elm-format-linux-arm64":
      optional: true
    "@avh4/elm-format-linux-x64":
      optional: true
    "@avh4/elm-format-win32-x64":
      optional: true
  bin:
    elm-format: bin/elm-format
  checksum: 10c0/aecf3e33a5e99aa7a09e451048031a89e2b6732f5ff8213ddc90ea11210415502864ec349aa0c66d59c5f7dc22c12e9ddd87bec038a3eb424e3b010cde6f3c1d
  languageName: node
  linkType: hard

"elm@npm:0.19.1-6":
  version: 0.19.1-6
  resolution: "elm@npm:0.19.1-6"
  dependencies:
    "@elm_binaries/darwin_arm64": "npm:0.19.1-0"
    "@elm_binaries/darwin_x64": "npm:0.19.1-0"
    "@elm_binaries/linux_x64": "npm:0.19.1-0"
    "@elm_binaries/win32_x64": "npm:0.19.1-0"
  dependenciesMeta:
    "@elm_binaries/darwin_arm64":
      optional: true
    "@elm_binaries/darwin_x64":
      optional: true
    "@elm_binaries/linux_x64":
      optional: true
    "@elm_binaries/win32_x64":
      optional: true
  bin:
    elm: bin/elm
  checksum: 10c0/8fe067b18d66afcc6d843d49ed7fbce7ac93bbdaf9b53fafb57c3396a763ae23b6c8a69346143b6d59bf97e2e57d207a578bd6d4600952babff9934b8643c4c4
  languageName: node
  linkType: hard

"esbuild-elm-boilerplate@workspace:.":
  version: 0.0.0-use.local
  resolution: "esbuild-elm-boilerplate@workspace:."
  dependencies:
    "@chialab/esbuild-plugin-html": "npm:0.18.2"
    elm: "npm:0.19.1-6"
    elm-format: "npm:0.8.8"
    esbuild: "npm:0.25.9"
    esbuild-plugin-elm: "npm:0.0.12"
    esbuild-sass-plugin: "npm:3.3.1"
  languageName: unknown
  linkType: soft

"esbuild-plugin-elm@npm:0.0.12":
  version: 0.0.12
  resolution: "esbuild-plugin-elm@npm:0.0.12"
  dependencies:
    command-exists: "npm:^1.2.9"
    node-elm-compiler: "npm:^5.0.6"
  peerDependencies:
    esbuild: ">=0.8.1"
  checksum: 10c0/cb97b3b1bc0f7330d124e1c845868d93904242e9d79d754bb1dd19d7215786c7dc08cc049f7f327e0b557bb152447a49fe53198c8d76df0ffaf763546735154b
  languageName: node
  linkType: hard

"esbuild-sass-plugin@npm:3.3.1":
  version: 3.3.1
  resolution: "esbuild-sass-plugin@npm:3.3.1"
  dependencies:
    resolve: "npm:^1.22.8"
    safe-identifier: "npm:^0.4.2"
    sass: "npm:^1.71.1"
  peerDependencies:
    esbuild: ">=0.20.1"
    sass-embedded: ^1.71.1
  checksum: 10c0/bbbef049ebe58c449caa8db0c893abbaf97c4b83ca349d8c541c11503092475afc4ed504218987cb745d61bfb1a26a19118688a450057a43e3943d2224ee2060
  languageName: node
  linkType: hard

"esbuild@npm:0.25.9":
  version: 0.25.9
  resolution: "esbuild@npm:0.25.9"
  dependencies:
    "@esbuild/aix-ppc64": "npm:0.25.9"
    "@esbuild/android-arm": "npm:0.25.9"
    "@esbuild/android-arm64": "npm:0.25.9"
    "@esbuild/android-x64": "npm:0.25.9"
    "@esbuild/darwin-arm64": "npm:0.25.9"
    "@esbuild/darwin-x64": "npm:0.25.9"
    "@esbuild/freebsd-arm64": "npm:0.25.9"
    "@esbuild/freebsd-x64": "npm:0.25.9"
    "@esbuild/linux-arm": "npm:0.25.9"
    "@esbuild/linux-arm64": "npm:0.25.9"
    "@esbuild/linux-ia32": "npm:0.25.9"
    "@esbuild/linux-loong64": "npm:0.25.9"
    "@esbuild/linux-mips64el": "npm:0.25.9"
    "@esbuild/linux-ppc64": "npm:0.25.9"
    "@esbuild/linux-riscv64": "npm:0.25.9"
    "@esbuild/linux-s390x": "npm:0.25.9"
    "@esbuild/linux-x64": "npm:0.25.9"
    "@esbuild/netbsd-arm64": "npm:0.25.9"
    "@esbuild/netbsd-x64": "npm:0.25.9"
    "@esbuild/openbsd-arm64": "npm:0.25.9"
    "@esbuild/openbsd-x64": "npm:0.25.9"
    "@esbuild/openharmony-arm64": "npm:0.25.9"
    "@esbuild/sunos-x64": "npm:0.25.9"
    "@esbuild/win32-arm64": "npm:0.25.9"
    "@esbuild/win32-ia32": "npm:0.25.9"
    "@esbuild/win32-x64": "npm:0.25.9"
  dependenciesMeta:
    "@esbuild/aix-ppc64":
      optional: true
    "@esbuild/android-arm":
      optional: true
    "@esbuild/android-arm64":
      optional: true
    "@esbuild/android-x64":
      optional: true
    "@esbuild/darwin-arm64":
      optional: true
    "@esbuild/darwin-x64":
      optional: true
    "@esbuild/freebsd-arm64":
      optional: true
    "@esbuild/freebsd-x64":
      optional: true
    "@esbuild/linux-arm":
      optional: true
    "@esbuild/linux-arm64":
      optional: true
    "@esbuild/linux-ia32":
      optional: true
    "@esbuild/linux-loong64":
      optional: true
    "@esbuild/linux-mips64el":
      optional: true
    "@esbuild/linux-ppc64":
      optional: true
    "@esbuild/linux-riscv64":
      optional: true
    "@esbuild/linux-s390x":
      optional: true
    "@esbuild/linux-x64":
      optional: true
    "@esbuild/netbsd-arm64":
      optional: true
    "@esbuild/netbsd-x64":
      optional: true
    "@esbuild/openbsd-arm64":
      optional: true
    "@esbuild/openbsd-x64":
      optional: true
    "@esbuild/openharmony-arm64":
      optional: true
    "@esbuild/sunos-x64":
      optional: true
    "@esbuild/win32-arm64":
      optional: true
    "@esbuild/win32-ia32":
      optional: true
    "@esbuild/win32-x64":
      optional: true
  bin:
    esbuild: bin/esbuild
  checksum: 10c0/aaa1284c75fcf45c82f9a1a117fe8dc5c45628e3386bda7d64916ae27730910b51c5aec7dd45a6ba19256be30ba2935e64a8f011a3f0539833071e06bf76d5b3
  languageName: node
  linkType: hard

"find-elm-dependencies@npm:^2.0.4":
  version: 2.0.4
  resolution: "find-elm-dependencies@npm:2.0.4"
  dependencies:
    firstline: "npm:^1.2.0"
    lodash: "npm:^4.17.19"
  bin:
    find-elm-dependencies: bin/cli.js
  checksum: 10c0/f5fca6ab23963ea14031383b89444478075da219c27990f823c80237602c0e4e709944ed9d7cb9c28864200b3570a09e028eedc006fa6304d338188ad8e2b1fe
  languageName: node
  linkType: hard

"firstline@npm:^1.2.0":
  version: 1.3.1
  resolution: "firstline@npm:1.3.1"
  checksum: 10c0/70c283c7f7da874756b1220bb097111e2640417d7e96ab160e65d5d0a85c357e823173e1942ccd8583597d50c79295ae930a90b5cd9becd72d5286084a5afb92
  languageName: node
  linkType: hard

"fs.realpath@npm:^1.0.0":
  version: 1.0.0
  resolution: "fs.realpath@npm:1.0.0"
  checksum: 10c0/444cf1291d997165dfd4c0d58b69f0e4782bfd9149fd72faa4fe299e68e0e93d6db941660b37dd29153bf7186672ececa3b50b7e7249477b03fdf850f287c948
  languageName: node
  linkType: hard

"function-bind@npm:^1.1.2":
  version: 1.1.2
  resolution: "function-bind@npm:1.1.2"
  checksum: 10c0/d8680ee1e5fcd4c197e4ac33b2b4dce03c71f4d91717292785703db200f5c21f977c568d28061226f9b5900cbcd2c84463646134fd5337e7925e0942bc3f46d5
  languageName: node
  linkType: hard

"glob@npm:^7.1.3":
  version: 7.2.3
  resolution: "glob@npm:7.2.3"
  dependencies:
    fs.realpath: "npm:^1.0.0"
    inflight: "npm:^1.0.4"
    inherits: "npm:2"
    minimatch: "npm:^3.1.1"
    once: "npm:^1.3.0"
    path-is-absolute: "npm:^1.0.0"
  checksum: 10c0/65676153e2b0c9095100fe7f25a778bf45608eeb32c6048cf307f579649bcc30353277b3b898a3792602c65764e5baa4f643714dfbdfd64ea271d210c7a425fe
  languageName: node
  linkType: hard

"hasown@npm:^2.0.2":
  version: 2.0.2
  resolution: "hasown@npm:2.0.2"
  dependencies:
    function-bind: "npm:^1.1.2"
  checksum: 10c0/3769d434703b8ac66b209a4cca0737519925bbdb61dd887f93a16372b14694c63ff4e797686d87c90f08168e81082248b9b028bad60d4da9e0d1148766f56eb9
  languageName: node
  linkType: hard

"immutable@npm:^4.0.0":
  version: 4.3.7
  resolution: "immutable@npm:4.3.7"
  checksum: 10c0/9b099197081b22f6433003e34929da8ecddbbdc1474cdc8aa3b7669dee4adda349c06143de22def36016d1b6de5322b043eccd7a11db1dad2ca85dad4fff5435
  languageName: node
  linkType: hard

"inflight@npm:^1.0.4":
  version: 1.0.6
  resolution: "inflight@npm:1.0.6"
  dependencies:
    once: "npm:^1.3.0"
    wrappy: "npm:1"
  checksum: 10c0/7faca22584600a9dc5b9fca2cd5feb7135ac8c935449837b315676b4c90aa4f391ec4f42240178244b5a34e8bede1948627fda392ca3191522fc46b34e985ab2
  languageName: node
  linkType: hard

"inherits@npm:2":
  version: 2.0.4
  resolution: "inherits@npm:2.0.4"
  checksum: 10c0/4e531f648b29039fb7426fb94075e6545faa1eb9fe83c29f0b6d9e7263aceb4289d2d4557db0d428188eeb449cc7c5e77b0a0b2c4e248ff2a65933a0dee49ef2
  languageName: node
  linkType: hard

"is-core-module@npm:^2.13.0":
  version: 2.15.1
  resolution: "is-core-module@npm:2.15.1"
  dependencies:
    hasown: "npm:^2.0.2"
  checksum: 10c0/53432f10c69c40bfd2fa8914133a68709ff9498c86c3bf5fca3cdf3145a56fd2168cbf4a43b29843a6202a120a5f9c5ffba0a4322e1e3441739bc0b641682612
  languageName: node
  linkType: hard

"isexe@npm:^2.0.0":
  version: 2.0.0
  resolution: "isexe@npm:2.0.0"
  checksum: 10c0/228cfa503fadc2c31596ab06ed6aa82c9976eec2bfd83397e7eaf06d0ccf42cd1dfd6743bf9aeb01aebd4156d009994c5f76ea898d2832c1fe342da923ca457d
  languageName: node
  linkType: hard

"lodash@npm:^4.17.19":
  version: 4.17.21
  resolution: "lodash@npm:4.17.21"
  checksum: 10c0/d8cbea072bb08655bb4c989da418994b073a608dffa608b09ac04b43a791b12aeae7cd7ad919aa4c925f33b48490b5cfe6c1f71d827956071dae2e7bb3a6b74c
  languageName: node
  linkType: hard

"minimatch@npm:^3.1.1":
  version: 3.1.2
  resolution: "minimatch@npm:3.1.2"
  dependencies:
    brace-expansion: "npm:^1.1.7"
  checksum: 10c0/0262810a8fc2e72cca45d6fd86bd349eee435eb95ac6aa45c9ea2180e7ee875ef44c32b55b5973ceabe95ea12682f6e3725cbb63d7a2d1da3ae1163c8b210311
  languageName: node
  linkType: hard

"minimist@npm:^1.2.6":
  version: 1.2.8
  resolution: "minimist@npm:1.2.8"
  checksum: 10c0/19d3fcdca050087b84c2029841a093691a91259a47def2f18222f41e7645a0b7c44ef4b40e88a1e58a40c84d2ef0ee6047c55594d298146d0eb3f6b737c20ce6
  languageName: node
  linkType: hard

"mkdirp@npm:^0.5.1":
  version: 0.5.6
  resolution: "mkdirp@npm:0.5.6"
  dependencies:
    minimist: "npm:^1.2.6"
  bin:
    mkdirp: bin/cmd.js
  checksum: 10c0/e2e2be789218807b58abced04e7b49851d9e46e88a2f9539242cc8a92c9b5c3a0b9bab360bd3014e02a140fc4fbc58e31176c408b493f8a2a6f4986bd7527b01
  languageName: node
  linkType: hard

"nice-try@npm:^1.0.4":
  version: 1.0.5
  resolution: "nice-try@npm:1.0.5"
  checksum: 10c0/95568c1b73e1d0d4069a3e3061a2102d854513d37bcfda73300015b7ba4868d3b27c198d1dbbd8ebdef4112fc2ed9e895d4a0f2e1cce0bd334f2a1346dc9205f
  languageName: node
  linkType: hard

"node-elm-compiler@npm:^5.0.6":
  version: 5.0.6
  resolution: "node-elm-compiler@npm:5.0.6"
  dependencies:
    cross-spawn: "npm:6.0.5"
    find-elm-dependencies: "npm:^2.0.4"
    lodash: "npm:^4.17.19"
    temp: "npm:^0.9.0"
  checksum: 10c0/17cf83f08b6e4b99cab3ad555d44fcb84223cf96e54af400ae334933d440e2de9772064d976da337f1e07c1795ad4ab30eaa335b4d5a9cf0501bc4af020f1599
  languageName: node
  linkType: hard

"once@npm:^1.3.0":
  version: 1.4.0
  resolution: "once@npm:1.4.0"
  dependencies:
    wrappy: "npm:1"
  checksum: 10c0/5d48aca287dfefabd756621c5dfce5c91a549a93e9fdb7b8246bc4c4790aa2ec17b34a260530474635147aeb631a2dcc8b32c613df0675f96041cbb8244517d0
  languageName: node
  linkType: hard

"path-is-absolute@npm:^1.0.0":
  version: 1.0.1
  resolution: "path-is-absolute@npm:1.0.1"
  checksum: 10c0/127da03c82172a2a50099cddbf02510c1791fc2cc5f7713ddb613a56838db1e8168b121a920079d052e0936c23005562059756d653b7c544c53185efe53be078
  languageName: node
  linkType: hard

"path-key@npm:^2.0.1":
  version: 2.0.1
  resolution: "path-key@npm:2.0.1"
  checksum: 10c0/dd2044f029a8e58ac31d2bf34c34b93c3095c1481942960e84dd2faa95bbb71b9b762a106aead0646695330936414b31ca0bd862bf488a937ad17c8c5d73b32b
  languageName: node
  linkType: hard

"path-parse@npm:^1.0.7":
  version: 1.0.7
  resolution: "path-parse@npm:1.0.7"
  checksum: 10c0/11ce261f9d294cc7a58d6a574b7f1b935842355ec66fba3c3fd79e0f036462eaf07d0aa95bb74ff432f9afef97ce1926c720988c6a7451d8a584930ae7de86e1
  languageName: node
  linkType: hard

"readdirp@npm:^4.0.1":
  version: 4.0.2
  resolution: "readdirp@npm:4.0.2"
  checksum: 10c0/a16ecd8ef3286dcd90648c3b103e3826db2b766cdb4a988752c43a83f683d01c7059158d623cbcd8bdfb39e65d302d285be2d208e7d9f34d022d912b929217dd
  languageName: node
  linkType: hard

"resolve@npm:^1.22.8":
  version: 1.22.8
  resolution: "resolve@npm:1.22.8"
  dependencies:
    is-core-module: "npm:^2.13.0"
    path-parse: "npm:^1.0.7"
    supports-preserve-symlinks-flag: "npm:^1.0.0"
  bin:
    resolve: bin/resolve
  checksum: 10c0/07e179f4375e1fd072cfb72ad66d78547f86e6196c4014b31cb0b8bb1db5f7ca871f922d08da0fbc05b94e9fd42206f819648fa3b5b873ebbc8e1dc68fec433a
  languageName: node
  linkType: hard

"resolve@patch:resolve@npm%3A^1.22.8#optional!builtin<compat/resolve>":
  version: 1.22.8
  resolution: "resolve@patch:resolve@npm%3A1.22.8#optional!builtin<compat/resolve>::version=1.22.8&hash=c3c19d"
  dependencies:
    is-core-module: "npm:^2.13.0"
    path-parse: "npm:^1.0.7"
    supports-preserve-symlinks-flag: "npm:^1.0.0"
  bin:
    resolve: bin/resolve
  checksum: 10c0/0446f024439cd2e50c6c8fa8ba77eaa8370b4180f401a96abf3d1ebc770ac51c1955e12764cde449fde3fff480a61f84388e3505ecdbab778f4bef5f8212c729
  languageName: node
  linkType: hard

"rimraf@npm:~2.6.2":
  version: 2.6.3
  resolution: "rimraf@npm:2.6.3"
  dependencies:
    glob: "npm:^7.1.3"
  bin:
    rimraf: ./bin.js
  checksum: 10c0/f1e646f8c567795f2916aef7aadf685b543da6b9a53e482bb04b07472c7eef2b476045ba1e29f401c301c66b630b22b815ab31fdd60c5e1ae6566ff523debf45
  languageName: node
  linkType: hard

"safe-identifier@npm:^0.4.2":
  version: 0.4.2
  resolution: "safe-identifier@npm:0.4.2"
  checksum: 10c0/a6b0cdb5347e48c5ea4ddf4cdca5359b12529a11a7368225c39f882fcc0e679c81e82e3b13e36bd27ba7bdec9286f4cc062e3e527464d93ba61290b6e0bc6747
  languageName: node
  linkType: hard

"sass@npm:^1.71.1":
  version: 1.79.4
  resolution: "sass@npm:1.79.4"
  dependencies:
    chokidar: "npm:^4.0.0"
    immutable: "npm:^4.0.0"
    source-map-js: "npm:>=0.6.2 <2.0.0"
  bin:
    sass: sass.js
  checksum: 10c0/505ff0d9267d0fb990971e617acfeabf7c060c55d4cef68fe8a4bc693e7ea88ae7d7caeca3975e4b453459ba4a707b6e5b6979fc9395a7e08f0a43ca6aed06b8
  languageName: node
  linkType: hard

"semver@npm:^5.5.0":
  version: 5.7.2
  resolution: "semver@npm:5.7.2"
  bin:
    semver: bin/semver
  checksum: 10c0/e4cf10f86f168db772ae95d86ba65b3fd6c5967c94d97c708ccb463b778c2ee53b914cd7167620950fc07faf5a564e6efe903836639e512a1aa15fbc9667fa25
  languageName: node
  linkType: hard

"shebang-command@npm:^1.2.0":
  version: 1.2.0
  resolution: "shebang-command@npm:1.2.0"
  dependencies:
    shebang-regex: "npm:^1.0.0"
  checksum: 10c0/7b20dbf04112c456b7fc258622dafd566553184ac9b6938dd30b943b065b21dabd3776460df534cc02480db5e1b6aec44700d985153a3da46e7db7f9bd21326d
  languageName: node
  linkType: hard

"shebang-regex@npm:^1.0.0":
  version: 1.0.0
  resolution: "shebang-regex@npm:1.0.0"
  checksum: 10c0/9abc45dee35f554ae9453098a13fdc2f1730e525a5eb33c51f096cc31f6f10a4b38074c1ebf354ae7bffa7229506083844008dfc3bb7818228568c0b2dc1fff2
  languageName: node
  linkType: hard

"source-map-js@npm:>=0.6.2 <2.0.0":
  version: 1.2.1
  resolution: "source-map-js@npm:1.2.1"
  checksum: 10c0/7bda1fc4c197e3c6ff17de1b8b2c20e60af81b63a52cb32ec5a5d67a20a7d42651e2cb34ebe93833c5a2a084377e17455854fee3e21e7925c64a51b6a52b0faf
  languageName: node
  linkType: hard

"supports-preserve-symlinks-flag@npm:^1.0.0":
  version: 1.0.0
  resolution: "supports-preserve-symlinks-flag@npm:1.0.0"
  checksum: 10c0/6c4032340701a9950865f7ae8ef38578d8d7053f5e10518076e6554a9381fa91bd9c6850193695c141f32b21f979c985db07265a758867bac95de05f7d8aeb39
  languageName: node
  linkType: hard

"temp@npm:^0.9.0":
  version: 0.9.4
  resolution: "temp@npm:0.9.4"
  dependencies:
    mkdirp: "npm:^0.5.1"
    rimraf: "npm:~2.6.2"
  checksum: 10c0/7a1cd75efa65b9ca97fc0dfa752673842d23fa41d9c641a447d86ca986eb7662f0d17771e1edf8d0149e76de3c6e7005faf2ccaa3baf64811c86d1d1a951dda7
  languageName: node
  linkType: hard

"which@npm:^1.2.9":
  version: 1.3.1
  resolution: "which@npm:1.3.1"
  dependencies:
    isexe: "npm:^2.0.0"
  bin:
    which: ./bin/which
  checksum: 10c0/e945a8b6bbf6821aaaef7f6e0c309d4b615ef35699576d5489b4261da9539f70393c6b2ce700ee4321c18f914ebe5644bc4631b15466ffbaad37d83151f6af59
  languageName: node
  linkType: hard

"wrappy@npm:1":
  version: 1.0.2
  resolution: "wrappy@npm:1.0.2"
  checksum: 10c0/56fece1a4018c6a6c8e28fbc88c87e0fbf4ea8fd64fc6c63b18f4acc4bd13e0ad2515189786dd2c30d3eec9663d70f4ecf699330002f8ccb547e4a18231fc9f0
  languageName: node
  linkType: hard
