# This file is generated by running "yarn install" inside your project.
# Manual changes might be lost - proceed with caution!

__metadata:
  version: 9
  cacheKey: 10c0

"@avh4/elm-format-darwin-arm64@npm:0.8.8-1":
  version: 0.8.8-1
  resolution: "@avh4/elm-format-darwin-arm64@npm:0.8.8-1"
  conditions: os=darwin & cpu=arm64
  languageName: node
  linkType: hard

"@avh4/elm-format-darwin-x64@npm:0.8.8-1":
  version: 0.8.8-1
  resolution: "@avh4/elm-format-darwin-x64@npm:0.8.8-1"
  conditions: os=darwin & cpu=x64
  languageName: node
  linkType: hard

"@avh4/elm-format-linux-arm64@npm:0.8.8-1":
  version: 0.8.8-1
  resolution: "@avh4/elm-format-linux-arm64@npm:0.8.8-1"
  conditions: os=linux & cpu=arm64
  languageName: node
  linkType: hard

"@avh4/elm-format-linux-x64@npm:0.8.8-1":
  version: 0.8.8-1
  resolution: "@avh4/elm-format-linux-x64@npm:0.8.8-1"
  conditions: os=linux & cpu=x64
  languageName: node
  linkType: hard

"@avh4/elm-format-win32-x64@npm:0.8.8-1":
  version: 0.8.8-1
  resolution: "@avh4/elm-format-win32-x64@npm:0.8.8-1"
  conditions: os=win32 & cpu=x64
  languageName: node
  linkType: hard

"@chialab/esbuild-plugin-html@npm:0.19.1":
  version: 0.19.1
  resolution: "@chialab/esbuild-plugin-html@npm:0.19.1"
  dependencies:
    "@chialab/esbuild-rna": "npm:^0.19.1"
  peerDependencies:
    htmlnano: ^2.0.0
  peerDependenciesMeta:
    htmlnano:
      optional: true
  checksum: 10c0/5d3952ac86541e676c1960927eb1f949a05fb7b41631b078c7fc923f0c2482a0da9a97f5092db26758c1f7c9fb991605e507e5f61d67e29e611910ff62da4266
  languageName: node
  linkType: hard

"@chialab/esbuild-rna@npm:^0.19.1":
  version: 0.19.1
  resolution: "@chialab/esbuild-rna@npm:0.19.1"
  dependencies:
    "@chialab/estransform": "npm:^0.19.1"
    "@chialab/node-resolve": "npm:^0.19.1"
  checksum: 10c0/2aad3131c6581b1e80ef40ea5ebedf22d13cd82751cf9acdf3e6d89b58e6f281597c5195bc866cd36c20339d922c6bbb5067a63e981f76e1e5e428bc28515ff2
  languageName: node
  linkType: hard

"@chialab/estransform@npm:^0.19.1":
  version: 0.19.1
  resolution: "@chialab/estransform@npm:0.19.1"
  dependencies:
    "@napi-rs/magic-string": "npm:^0.3.4"
    "@parcel/source-map": "npm:^2.0.0"
    cjs-module-lexer: "npm:^1.2.2"
    es-module-lexer: "npm:^1.0.0"
    oxc-parser: "npm:^0.8.0"
  checksum: 10c0/467bfc80c84ecfa71f151fc8fc066c07a09a7cf63a2fc4eb6f6c7064d3a7d49ff2ee22bda80c38664630036b05a32ff21be9d580a9e1d3ff193c3380e5fdfde2
  languageName: node
  linkType: hard

"@chialab/node-resolve@npm:^0.19.1":
  version: 0.19.1
  resolution: "@chialab/node-resolve@npm:0.19.1"
  checksum: 10c0/ba4ddaf70a370201252db49ec843072f5b8d2dd85579e52859b9c75b6dadecd656ae6a675c1347df3d0ae96f004d4e794ce896644f187e671772ea543018ab8c
  languageName: node
  linkType: hard

"@elm_binaries/darwin_arm64@npm:0.19.1-0":
  version: 0.19.1-0
  resolution: "@elm_binaries/darwin_arm64@npm:0.19.1-0"
  conditions: os=darwin & cpu=arm64
  languageName: node
  linkType: hard

"@elm_binaries/darwin_x64@npm:0.19.1-0":
  version: 0.19.1-0
  resolution: "@elm_binaries/darwin_x64@npm:0.19.1-0"
  conditions: os=darwin & cpu=x64
  languageName: node
  linkType: hard

"@elm_binaries/linux_x64@npm:0.19.1-0":
  version: 0.19.1-0
  resolution: "@elm_binaries/linux_x64@npm:0.19.1-0"
  conditions: os=linux & cpu=x64
  languageName: node
  linkType: hard

"@elm_binaries/win32_x64@npm:0.19.1-0":
  version: 0.19.1-0
  resolution: "@elm_binaries/win32_x64@npm:0.19.1-0"
  conditions: os=win32 & cpu=x64
  languageName: node
  linkType: hard

"@esbuild/aix-ppc64@npm:0.28.0":
  version: 0.28.0
  resolution: "@esbuild/aix-ppc64@npm:0.28.0"
  conditions: os=aix & cpu=ppc64
  languageName: node
  linkType: hard

"@esbuild/android-arm64@npm:0.28.0":
  version: 0.28.0
  resolution: "@esbuild/android-arm64@npm:0.28.0"
  conditions: os=android & cpu=arm64
  languageName: node
  linkType: hard

"@esbuild/android-arm@npm:0.28.0":
  version: 0.28.0
  resolution: "@esbuild/android-arm@npm:0.28.0"
  conditions: os=android & cpu=arm
  languageName: node
  linkType: hard

"@esbuild/android-x64@npm:0.28.0":
  version: 0.28.0
  resolution: "@esbuild/android-x64@npm:0.28.0"
  conditions: os=android & cpu=x64
  languageName: node
  linkType: hard

"@esbuild/darwin-arm64@npm:0.28.0":
  version: 0.28.0
  resolution: "@esbuild/darwin-arm64@npm:0.28.0"
  conditions: os=darwin & cpu=arm64
  languageName: node
  linkType: hard

"@esbuild/darwin-x64@npm:0.28.0":
  version: 0.28.0
  resolution: "@esbuild/darwin-x64@npm:0.28.0"
  conditions: os=darwin & cpu=x64
  languageName: node
  linkType: hard

"@esbuild/freebsd-arm64@npm:0.28.0":
  version: 0.28.0
  resolution: "@esbuild/freebsd-arm64@npm:0.28.0"
  conditions: os=freebsd & cpu=arm64
  languageName: node
  linkType: hard

"@esbuild/freebsd-x64@npm:0.28.0":
  version: 0.28.0
  resolution: "@esbuild/freebsd-x64@npm:0.28.0"
  conditions: os=freebsd & cpu=x64
  languageName: node
  linkType: hard

"@esbuild/linux-arm64@npm:0.28.0":
  version: 0.28.0
  resolution: "@esbuild/linux-arm64@npm:0.28.0"
  conditions: os=linux & cpu=arm64
  languageName: node
  linkType: hard

"@esbuild/linux-arm@npm:0.28.0":
  version: 0.28.0
  resolution: "@esbuild/linux-arm@npm:0.28.0"
  conditions: os=linux & cpu=arm
  languageName: node
  linkType: hard

"@esbuild/linux-ia32@npm:0.28.0":
  version: 0.28.0
  resolution: "@esbuild/linux-ia32@npm:0.28.0"
  conditions: os=linux & cpu=ia32
  languageName: node
  linkType: hard

"@esbuild/linux-loong64@npm:0.28.0":
  version: 0.28.0
  resolution: "@esbuild/linux-loong64@npm:0.28.0"
  conditions: os=linux & cpu=loong64
  languageName: node
  linkType: hard

"@esbuild/linux-mips64el@npm:0.28.0":
  version: 0.28.0
  resolution: "@esbuild/linux-mips64el@npm:0.28.0"
  conditions: os=linux & cpu=mips64el
  languageName: node
  linkType: hard

"@esbuild/linux-ppc64@npm:0.28.0":
  version: 0.28.0
  resolution: "@esbuild/linux-ppc64@npm:0.28.0"
  conditions: os=linux & cpu=ppc64
  languageName: node
  linkType: hard

"@esbuild/linux-riscv64@npm:0.28.0":
  version: 0.28.0
  resolution: "@esbuild/linux-riscv64@npm:0.28.0"
  conditions: os=linux & cpu=riscv64
  languageName: node
  linkType: hard

"@esbuild/linux-s390x@npm:0.28.0":
  version: 0.28.0
  resolution: "@esbuild/linux-s390x@npm:0.28.0"
  conditions: os=linux & cpu=s390x
  languageName: node
  linkType: hard

"@esbuild/linux-x64@npm:0.28.0":
  version: 0.28.0
  resolution: "@esbuild/linux-x64@npm:0.28.0"
  conditions: os=linux & cpu=x64
  languageName: node
  linkType: hard

"@esbuild/netbsd-arm64@npm:0.28.0":
  version: 0.28.0
  resolution: "@esbuild/netbsd-arm64@npm:0.28.0"
  conditions: os=netbsd & cpu=arm64
  languageName: node
  linkType: hard

"@esbuild/netbsd-x64@npm:0.28.0":
  version: 0.28.0
  resolution: "@esbuild/netbsd-x64@npm:0.28.0"
  conditions: os=netbsd & cpu=x64
  languageName: node
  linkType: hard

"@esbuild/openbsd-arm64@npm:0.28.0":
  version: 0.28.0
  resolution: "@esbuild/openbsd-arm64@npm:0.28.0"
  conditions: os=openbsd & cpu=arm64
  languageName: node
  linkType: hard

"@esbuild/openbsd-x64@npm:0.28.0":
  version: 0.28.0
  resolution: "@esbuild/openbsd-x64@npm:0.28.0"
  conditions: os=openbsd & cpu=x64
  languageName: node
  linkType: hard

"@esbuild/openharmony-arm64@npm:0.28.0":
  version: 0.28.0
  resolution: "@esbuild/openharmony-arm64@npm:0.28.0"
  conditions: os=openharmony & cpu=arm64
  languageName: node
  linkType: hard

"@esbuild/sunos-x64@npm:0.28.0":
  version: 0.28.0
  resolution: "@esbuild/sunos-x64@npm:0.28.0"
  conditions: os=sunos & cpu=x64
  languageName: node
  linkType: hard

"@esbuild/win32-arm64@npm:0.28.0":
  version: 0.28.0
  resolution: "@esbuild/win32-arm64@npm:0.28.0"
  conditions: os=win32 & cpu=arm64
  languageName: node
  linkType: hard

"@esbuild/win32-ia32@npm:0.28.0":
  version: 0.28.0
  resolution: "@esbuild/win32-ia32@npm:0.28.0"
  conditions: os=win32 & cpu=ia32
  languageName: node
  linkType: hard

"@esbuild/win32-x64@npm:0.28.0":
  version: 0.28.0
  resolution: "@esbuild/win32-x64@npm:0.28.0"
  conditions: os=win32 & cpu=x64
  languageName: node
  linkType: hard

"@isaacs/fs-minipass@npm:^4.0.0":
  version: 4.0.1
  resolution: "@isaacs/fs-minipass@npm:4.0.1"
  dependencies:
    minipass: "npm:^7.0.4"
  checksum: 10c0/c25b6dc1598790d5b55c0947a9b7d111cfa92594db5296c3b907e2f533c033666f692a3939eadac17b1c7c40d362d0b0635dc874cbfe3e70db7c2b07cc97a5d2
  languageName: node
  linkType: hard

"@napi-rs/magic-string-android-arm-eabi@npm:0.3.4":
  version: 0.3.4
  resolution: "@napi-rs/magic-string-android-arm-eabi@npm:0.3.4"
  conditions: os=android & cpu=arm
  languageName: node
  linkType: hard

"@napi-rs/magic-string-android-arm64@npm:0.3.4":
  version: 0.3.4
  resolution: "@napi-rs/magic-string-android-arm64@npm:0.3.4"
  conditions: os=android & cpu=arm64
  languageName: node
  linkType: hard

"@napi-rs/magic-string-darwin-arm64@npm:0.3.4":
  version: 0.3.4
  resolution: "@napi-rs/magic-string-darwin-arm64@npm:0.3.4"
  conditions: os=darwin & cpu=arm64
  languageName: node
  linkType: hard

"@napi-rs/magic-string-darwin-x64@npm:0.3.4":
  version: 0.3.4
  resolution: "@napi-rs/magic-string-darwin-x64@npm:0.3.4"
  conditions: os=darwin & cpu=x64
  languageName: node
  linkType: hard

"@napi-rs/magic-string-freebsd-x64@npm:0.3.4":
  version: 0.3.4
  resolution: "@napi-rs/magic-string-freebsd-x64@npm:0.3.4"
  conditions: os=freebsd & cpu=x64
  languageName: node
  linkType: hard

"@napi-rs/magic-string-linux-arm-gnueabihf@npm:0.3.4":
  version: 0.3.4
  resolution: "@napi-rs/magic-string-linux-arm-gnueabihf@npm:0.3.4"
  conditions: os=linux & cpu=arm
  languageName: node
  linkType: hard

"@napi-rs/magic-string-linux-arm64-gnu@npm:0.3.4":
  version: 0.3.4
  resolution: "@napi-rs/magic-string-linux-arm64-gnu@npm:0.3.4"
  conditions: os=linux & cpu=arm64
  languageName: node
  linkType: hard

"@napi-rs/magic-string-linux-arm64-musl@npm:0.3.4":
  version: 0.3.4
  resolution: "@napi-rs/magic-string-linux-arm64-musl@npm:0.3.4"
  conditions: os=linux & cpu=arm64
  languageName: node
  linkType: hard

"@napi-rs/magic-string-linux-x64-gnu@npm:0.3.4":
  version: 0.3.4
  resolution: "@napi-rs/magic-string-linux-x64-gnu@npm:0.3.4"
  conditions: os=linux & cpu=x64
  languageName: node
  linkType: hard

"@napi-rs/magic-string-linux-x64-musl@npm:0.3.4":
  version: 0.3.4
  resolution: "@napi-rs/magic-string-linux-x64-musl@npm:0.3.4"
  conditions: os=linux & cpu=x64
  languageName: node
  linkType: hard

"@napi-rs/magic-string-win32-arm64-msvc@npm:0.3.4":
  version: 0.3.4
  resolution: "@napi-rs/magic-string-win32-arm64-msvc@npm:0.3.4"
  conditions: os=win32 & cpu=arm64
  languageName: node
  linkType: hard

"@napi-rs/magic-string-win32-ia32-msvc@npm:0.3.4":
  version: 0.3.4
  resolution: "@napi-rs/magic-string-win32-ia32-msvc@npm:0.3.4"
  conditions: os=win32 & cpu=ia32
  languageName: node
  linkType: hard

"@napi-rs/magic-string-win32-x64-msvc@npm:0.3.4":
  version: 0.3.4
  resolution: "@napi-rs/magic-string-win32-x64-msvc@npm:0.3.4"
  conditions: os=win32 & cpu=x64
  languageName: node
  linkType: hard

"@napi-rs/magic-string@npm:^0.3.4":
  version: 0.3.4
  resolution: "@napi-rs/magic-string@npm:0.3.4"
  dependencies:
    "@napi-rs/magic-string-android-arm-eabi": "npm:0.3.4"
    "@napi-rs/magic-string-android-arm64": "npm:0.3.4"
    "@napi-rs/magic-string-darwin-arm64": "npm:0.3.4"
    "@napi-rs/magic-string-darwin-x64": "npm:0.3.4"
    "@napi-rs/magic-string-freebsd-x64": "npm:0.3.4"
    "@napi-rs/magic-string-linux-arm-gnueabihf": "npm:0.3.4"
    "@napi-rs/magic-string-linux-arm64-gnu": "npm:0.3.4"
    "@napi-rs/magic-string-linux-arm64-musl": "npm:0.3.4"
    "@napi-rs/magic-string-linux-x64-gnu": "npm:0.3.4"
    "@napi-rs/magic-string-linux-x64-musl": "npm:0.3.4"
    "@napi-rs/magic-string-win32-arm64-msvc": "npm:0.3.4"
    "@napi-rs/magic-string-win32-ia32-msvc": "npm:0.3.4"
    "@napi-rs/magic-string-win32-x64-msvc": "npm:0.3.4"
  dependenciesMeta:
    "@napi-rs/magic-string-android-arm-eabi":
      optional: true
    "@napi-rs/magic-string-android-arm64":
      optional: true
    "@napi-rs/magic-string-darwin-arm64":
      optional: true
    "@napi-rs/magic-string-darwin-x64":
      optional: true
    "@napi-rs/magic-string-freebsd-x64":
      optional: true
    "@napi-rs/magic-string-linux-arm-gnueabihf":
      optional: true
    "@napi-rs/magic-string-linux-arm64-gnu":
      optional: true
    "@napi-rs/magic-string-linux-arm64-musl":
      optional: true
    "@napi-rs/magic-string-linux-x64-gnu":
      optional: true
    "@napi-rs/magic-string-linux-x64-musl":
      optional: true
    "@napi-rs/magic-string-win32-arm64-msvc":
      optional: true
    "@napi-rs/magic-string-win32-ia32-msvc":
      optional: true
    "@napi-rs/magic-string-win32-x64-msvc":
      optional: true
  checksum: 10c0/e70305dc085bc92b4465c96fea10d7633660a8170489cf5b681389b2771feab629c56a1c8d920473fe0ad569063a168346f8ae2da6408f19e3d6e3e060382d14
  languageName: node
  linkType: hard

"@oxc-parser/binding-darwin-arm64@npm:0.8.0":
  version: 0.8.0
  resolution: "@oxc-parser/binding-darwin-arm64@npm:0.8.0"
  conditions: os=darwin & cpu=arm64
  languageName: node
  linkType: hard

"@oxc-parser/binding-darwin-x64@npm:0.8.0":
  version: 0.8.0
  resolution: "@oxc-parser/binding-darwin-x64@npm:0.8.0"
  conditions: os=darwin & cpu=x64
  languageName: node
  linkType: hard

"@oxc-parser/binding-linux-arm64-gnu@npm:0.8.0":
  version: 0.8.0
  resolution: "@oxc-parser/binding-linux-arm64-gnu@npm:0.8.0"
  conditions: os=linux & cpu=arm64 & libc=glibc
  languageName: node
  linkType: hard

"@oxc-parser/binding-linux-arm64-musl@npm:0.8.0":
  version: 0.8.0
  resolution: "@oxc-parser/binding-linux-arm64-musl@npm:0.8.0"
  conditions: os=linux & cpu=arm64 & libc=musl
  languageName: node
  linkType: hard

"@oxc-parser/binding-linux-x64-gnu@npm:0.8.0":
  version: 0.8.0
  resolution: "@oxc-parser/binding-linux-x64-gnu@npm:0.8.0"
  conditions: os=linux & cpu=x64 & libc=glibc
  languageName: node
  linkType: hard

"@oxc-parser/binding-linux-x64-musl@npm:0.8.0":
  version: 0.8.0
  resolution: "@oxc-parser/binding-linux-x64-musl@npm:0.8.0"
  conditions: os=linux & cpu=x64 & libc=musl
  languageName: node
  linkType: hard

"@oxc-parser/binding-win32-arm64-msvc@npm:0.8.0":
  version: 0.8.0
  resolution: "@oxc-parser/binding-win32-arm64-msvc@npm:0.8.0"
  conditions: os=win32 & cpu=arm64
  languageName: node
  linkType: hard

"@oxc-parser/binding-win32-x64-msvc@npm:0.8.0":
  version: 0.8.0
  resolution: "@oxc-parser/binding-win32-x64-msvc@npm:0.8.0"
  conditions: os=win32 & cpu=x64
  languageName: node
  linkType: hard

"@parcel/source-map@npm:^2.0.0":
  version: 2.1.1
  resolution: "@parcel/source-map@npm:2.1.1"
  dependencies:
    detect-libc: "npm:^1.0.3"
  checksum: 10c0/cea8450e152666be413556f0d100f125e81646bffc497e7c792bd9fc5067d052f1a008c8404ce1cd3a587d58b9ef57207ada89149cf2c705e71b1978308045f6
  languageName: node
  linkType: hard

"@parcel/watcher-android-arm64@npm:2.5.6":
  version: 2.5.6
  resolution: "@parcel/watcher-android-arm64@npm:2.5.6"
  conditions: os=android & cpu=arm64
  languageName: node
  linkType: hard

"@parcel/watcher-darwin-arm64@npm:2.5.6":
  version: 2.5.6
  resolution: "@parcel/watcher-darwin-arm64@npm:2.5.6"
  conditions: os=darwin & cpu=arm64
  languageName: node
  linkType: hard

"@parcel/watcher-darwin-x64@npm:2.5.6":
  version: 2.5.6
  resolution: "@parcel/watcher-darwin-x64@npm:2.5.6"
  conditions: os=darwin & cpu=x64
  languageName: node
  linkType: hard

"@parcel/watcher-freebsd-x64@npm:2.5.6":
  version: 2.5.6
  resolution: "@parcel/watcher-freebsd-x64@npm:2.5.6"
  conditions: os=freebsd & cpu=x64
  languageName: node
  linkType: hard

"@parcel/watcher-linux-arm-glibc@npm:2.5.6":
  version: 2.5.6
  resolution: "@parcel/watcher-linux-arm-glibc@npm:2.5.6"
  conditions: os=linux & cpu=arm & libc=glibc
  languageName: node
  linkType: hard

"@parcel/watcher-linux-arm-musl@npm:2.5.6":
  version: 2.5.6
  resolution: "@parcel/watcher-linux-arm-musl@npm:2.5.6"
  conditions: os=linux & cpu=arm & libc=musl
  languageName: node
  linkType: hard

"@parcel/watcher-linux-arm64-glibc@npm:2.5.6":
  version: 2.5.6
  resolution: "@parcel/watcher-linux-arm64-glibc@npm:2.5.6"
  conditions: os=linux & cpu=arm64 & libc=glibc
  languageName: node
  linkType: hard

"@parcel/watcher-linux-arm64-musl@npm:2.5.6":
  version: 2.5.6
  resolution: "@parcel/watcher-linux-arm64-musl@npm:2.5.6"
  conditions: os=linux & cpu=arm64 & libc=musl
  languageName: node
  linkType: hard

"@parcel/watcher-linux-x64-glibc@npm:2.5.6":
  version: 2.5.6
  resolution: "@parcel/watcher-linux-x64-glibc@npm:2.5.6"
  conditions: os=linux & cpu=x64 & libc=glibc
  languageName: node
  linkType: hard

"@parcel/watcher-linux-x64-musl@npm:2.5.6":
  version: 2.5.6
  resolution: "@parcel/watcher-linux-x64-musl@npm:2.5.6"
  conditions: os=linux & cpu=x64 & libc=musl
  languageName: node
  linkType: hard

"@parcel/watcher-win32-arm64@npm:2.5.6":
  version: 2.5.6
  resolution: "@parcel/watcher-win32-arm64@npm:2.5.6"
  conditions: os=win32 & cpu=arm64
  languageName: node
  linkType: hard

"@parcel/watcher-win32-ia32@npm:2.5.6":
  version: 2.5.6
  resolution: "@parcel/watcher-win32-ia32@npm:2.5.6"
  conditions: os=win32 & cpu=ia32
  languageName: node
  linkType: hard

"@parcel/watcher-win32-x64@npm:2.5.6":
  version: 2.5.6
  resolution: "@parcel/watcher-win32-x64@npm:2.5.6"
  conditions: os=win32 & cpu=x64
  languageName: node
  linkType: hard

"@parcel/watcher@npm:^2.4.1":
  version: 2.5.6
  resolution: "@parcel/watcher@npm:2.5.6"
  dependencies:
    "@parcel/watcher-android-arm64": "npm:2.5.6"
    "@parcel/watcher-darwin-arm64": "npm:2.5.6"
    "@parcel/watcher-darwin-x64": "npm:2.5.6"
    "@parcel/watcher-freebsd-x64": "npm:2.5.6"
    "@parcel/watcher-linux-arm-glibc": "npm:2.5.6"
    "@parcel/watcher-linux-arm-musl": "npm:2.5.6"
    "@parcel/watcher-linux-arm64-glibc": "npm:2.5.6"
    "@parcel/watcher-linux-arm64-musl": "npm:2.5.6"
    "@parcel/watcher-linux-x64-glibc": "npm:2.5.6"
    "@parcel/watcher-linux-x64-musl": "npm:2.5.6"
    "@parcel/watcher-win32-arm64": "npm:2.5.6"
    "@parcel/watcher-win32-ia32": "npm:2.5.6"
    "@parcel/watcher-win32-x64": "npm:2.5.6"
    detect-libc: "npm:^2.0.3"
    is-glob: "npm:^4.0.3"
    node-addon-api: "npm:^7.0.0"
    node-gyp: "npm:latest"
    picomatch: "npm:^4.0.3"
  dependenciesMeta:
    "@parcel/watcher-android-arm64":
      optional: true
    "@parcel/watcher-darwin-arm64":
      optional: true
    "@parcel/watcher-darwin-x64":
      optional: true
    "@parcel/watcher-freebsd-x64":
      optional: true
    "@parcel/watcher-linux-arm-glibc":
      optional: true
    "@parcel/watcher-linux-arm-musl":
      optional: true
    "@parcel/watcher-linux-arm64-glibc":
      optional: true
    "@parcel/watcher-linux-arm64-musl":
      optional: true
    "@parcel/watcher-linux-x64-glibc":
      optional: true
    "@parcel/watcher-linux-x64-musl":
      optional: true
    "@parcel/watcher-win32-arm64":
      optional: true
    "@parcel/watcher-win32-ia32":
      optional: true
    "@parcel/watcher-win32-x64":
      optional: true
  checksum: 10c0/1e1d91f92e94e4640089a7cead243b2b81ca9aa8e1c862a97a25f589e84fbf1ad93abeb503f325c43a8c0e024ae0e74b48ec42c1cd84e8e423a3a87d25ded4f2
  languageName: node
  linkType: hard

"abbrev@npm:^4.0.0":
  version: 4.0.0
  resolution: "abbrev@npm:4.0.0"
  checksum: 10c0/b4cc16935235e80702fc90192e349e32f8ef0ed151ef506aa78c81a7c455ec18375c4125414b99f84b2e055199d66383e787675f0bcd87da7a4dbd59f9eac1d5
  languageName: node
  linkType: hard

"balanced-match@npm:^1.0.0":
  version: 1.0.2
  resolution: "balanced-match@npm:1.0.2"
  checksum: 10c0/9308baf0a7e4838a82bbfd11e01b1cb0f0cf2893bc1676c27c2a8c0e70cbae1c59120c3268517a8ae7fb6376b4639ef81ca22582611dbee4ed28df945134aaee
  languageName: node
  linkType: hard

"brace-expansion@npm:^1.1.7":
  version: 1.1.11
  resolution: "brace-expansion@npm:1.1.11"
  dependencies:
    balanced-match: "npm:^1.0.0"
    concat-map: "npm:0.0.1"
  checksum: 10c0/695a56cd058096a7cb71fb09d9d6a7070113c7be516699ed361317aca2ec169f618e28b8af352e02ab4233fb54eb0168460a40dc320bab0034b36ab59aaad668
  languageName: node
  linkType: hard

"chokidar@npm:^4.0.0":
  version: 4.0.1
  resolution: "chokidar@npm:4.0.1"
  dependencies:
    readdirp: "npm:^4.0.1"
  checksum: 10c0/4bb7a3adc304059810bb6c420c43261a15bb44f610d77c35547addc84faa0374265c3adc67f25d06f363d9a4571962b02679268c40de07676d260de1986efea9
  languageName: node
  linkType: hard

"chownr@npm:^3.0.0":
  version: 3.0.0
  resolution: "chownr@npm:3.0.0"
  checksum: 10c0/43925b87700f7e3893296c8e9c56cc58f926411cce3a6e5898136daaf08f08b9a8eb76d37d3267e707d0dcc17aed2e2ebdf5848c0c3ce95cf910a919935c1b10
  languageName: node
  linkType: hard

"cjs-module-lexer@npm:^1.2.2":
  version: 1.4.3
  resolution: "cjs-module-lexer@npm:1.4.3"
  checksum: 10c0/076b3af85adc4d65dbdab1b5b240fe5b45d44fcf0ef9d429044dd94d19be5589376805c44fb2d4b3e684e5fe6a9b7cf3e426476a6507c45283c5fc6ff95240be
  languageName: node
  linkType: hard

"command-exists@npm:^1.2.9":
  version: 1.2.9
  resolution: "command-exists@npm:1.2.9"
  checksum: 10c0/75040240062de46cd6cd43e6b3032a8b0494525c89d3962e280dde665103f8cc304a8b313a5aa541b91da2f5a9af75c5959dc3a77893a2726407a5e9a0234c16
  languageName: node
  linkType: hard

"concat-map@npm:0.0.1":
  version: 0.0.1
  resolution: "concat-map@npm:0.0.1"
  checksum: 10c0/c996b1cfdf95b6c90fee4dae37e332c8b6eb7d106430c17d538034c0ad9a1630cb194d2ab37293b1bdd4d779494beee7786d586a50bd9376fd6f7bcc2bd4c98f
  languageName: node
  linkType: hard

"cross-spawn@npm:6.0.5":
  version: 6.0.5
  resolution: "cross-spawn@npm:6.0.5"
  dependencies:
    nice-try: "npm:^1.0.4"
    path-key: "npm:^2.0.1"
    semver: "npm:^5.5.0"
    shebang-command: "npm:^1.2.0"
    which: "npm:^1.2.9"
  checksum: 10c0/e05544722e9d7189b4292c66e42b7abeb21db0d07c91b785f4ae5fefceb1f89e626da2703744657b287e86dcd4af57b54567cef75159957ff7a8a761d9055012
  languageName: node
  linkType: hard

"detect-libc@npm:^1.0.3":
  version: 1.0.3
  resolution: "detect-libc@npm:1.0.3"
  bin:
    detect-libc: ./bin/detect-libc.js
  checksum: 10c0/4da0deae9f69e13bc37a0902d78bf7169480004b1fed3c19722d56cff578d16f0e11633b7fbf5fb6249181236c72e90024cbd68f0b9558ae06e281f47326d50d
  languageName: node
  linkType: hard

"detect-libc@npm:^2.0.3":
  version: 2.1.2
  resolution: "detect-libc@npm:2.1.2"
  checksum: 10c0/acc675c29a5649fa1fb6e255f993b8ee829e510b6b56b0910666949c80c364738833417d0edb5f90e4e46be17228b0f2b66a010513984e18b15deeeac49369c4
  languageName: node
  linkType: hard

"elm-format@npm:0.8.8":
  version: 0.8.8
  resolution: "elm-format@npm:0.8.8"
  dependencies:
    "@avh4/elm-format-darwin-arm64": "npm:0.8.8-1"
    "@avh4/elm-format-darwin-x64": "npm:0.8.8-1"
    "@avh4/elm-format-linux-arm64": "npm:0.8.8-1"
    "@avh4/elm-format-linux-x64": "npm:0.8.8-1"
    "@avh4/elm-format-win32-x64": "npm:0.8.8-1"
  dependenciesMeta:
    "@avh4/elm-format-darwin-arm64":
      optional: true
    "@avh4/elm-format-darwin-x64":
      optional: true
    "@avh4/elm-format-linux-arm64":
      optional: true
    "@avh4/elm-format-linux-x64":
      optional: true
    "@avh4/elm-format-win32-x64":
      optional: true
  bin:
    elm-format: bin/elm-format
  checksum: 10c0/aecf3e33a5e99aa7a09e451048031a89e2b6732f5ff8213ddc90ea11210415502864ec349aa0c66d59c5f7dc22c12e9ddd87bec038a3eb424e3b010cde6f3c1d
  languageName: node
  linkType: hard

"elm@npm:0.19.1-6":
  version: 0.19.1-6
  resolution: "elm@npm:0.19.1-6"
  dependencies:
    "@elm_binaries/darwin_arm64": "npm:0.19.1-0"
    "@elm_binaries/darwin_x64": "npm:0.19.1-0"
    "@elm_binaries/linux_x64": "npm:0.19.1-0"
    "@elm_binaries/win32_x64": "npm:0.19.1-0"
  dependenciesMeta:
    "@elm_binaries/darwin_arm64":
      optional: true
    "@elm_binaries/darwin_x64":
      optional: true
    "@elm_binaries/linux_x64":
      optional: true
    "@elm_binaries/win32_x64":
      optional: true
  bin:
    elm: bin/elm
  checksum: 10c0/8fe067b18d66afcc6d843d49ed7fbce7ac93bbdaf9b53fafb57c3396a763ae23b6c8a69346143b6d59bf97e2e57d207a578bd6d4600952babff9934b8643c4c4
  languageName: node
  linkType: hard

"env-paths@npm:^2.2.0":
  version: 2.2.1
  resolution: "env-paths@npm:2.2.1"
  checksum: 10c0/285325677bf00e30845e330eec32894f5105529db97496ee3f598478e50f008c5352a41a30e5e72ec9de8a542b5a570b85699cd63bd2bc646dbcb9f311d83bc4
  languageName: node
  linkType: hard

"es-errors@npm:^1.3.0":
  version: 1.3.0
  resolution: "es-errors@npm:1.3.0"
  checksum: 10c0/0a61325670072f98d8ae3b914edab3559b6caa980f08054a3b872052640d91da01d38df55df797fcc916389d77fc92b8d5906cf028f4db46d7e3003abecbca85
  languageName: node
  linkType: hard

"es-module-lexer@npm:^1.0.0":
  version: 1.7.0
  resolution: "es-module-lexer@npm:1.7.0"
  checksum: 10c0/4c935affcbfeba7fb4533e1da10fa8568043df1e3574b869385980de9e2d475ddc36769891936dbb07036edb3c3786a8b78ccf44964cd130dedc1f2c984b6c7b
  languageName: node
  linkType: hard

"esbuild-elm-boilerplate@workspace:.":
  version: 0.0.0-use.local
  resolution: "esbuild-elm-boilerplate@workspace:."
  dependencies:
    "@chialab/esbuild-plugin-html": "npm:0.19.1"
    elm: "npm:0.19.1-6"
    elm-format: "npm:0.8.8"
    esbuild: "npm:0.28.0"
    esbuild-plugin-elm: "npm:0.0.12"
    esbuild-sass-plugin: "npm:3.7.0"
  languageName: unknown
  linkType: soft

"esbuild-plugin-elm@npm:0.0.12":
  version: 0.0.12
  resolution: "esbuild-plugin-elm@npm:0.0.12"
  dependencies:
    command-exists: "npm:^1.2.9"
    node-elm-compiler: "npm:^5.0.6"
  peerDependencies:
    esbuild: ">=0.8.1"
  checksum: 10c0/cb97b3b1bc0f7330d124e1c845868d93904242e9d79d754bb1dd19d7215786c7dc08cc049f7f327e0b557bb152447a49fe53198c8d76df0ffaf763546735154b
  languageName: node
  linkType: hard

"esbuild-sass-plugin@npm:3.7.0":
  version: 3.7.0
  resolution: "esbuild-sass-plugin@npm:3.7.0"
  dependencies:
    resolve: "npm:^1.22.11"
    sass: "npm:^1.97.3"
  peerDependencies:
    esbuild: ">=0.27.3"
    sass-embedded: ^1.97.3
  checksum: 10c0/d4f6d2a1dbbf034a028ceb18aac9fe911290f4a8785020778f1bc2085df6d7038187fbed3daa4417a62d42f08f487e0265a35038dacda12d71d43224f3ee7e8c
  languageName: node
  linkType: hard

"esbuild@npm:0.28.0":
  version: 0.28.0
  resolution: "esbuild@npm:0.28.0"
  dependencies:
    "@esbuild/aix-ppc64": "npm:0.28.0"
    "@esbuild/android-arm": "npm:0.28.0"
    "@esbuild/android-arm64": "npm:0.28.0"
    "@esbuild/android-x64": "npm:0.28.0"
    "@esbuild/darwin-arm64": "npm:0.28.0"
    "@esbuild/darwin-x64": "npm:0.28.0"
    "@esbuild/freebsd-arm64": "npm:0.28.0"
    "@esbuild/freebsd-x64": "npm:0.28.0"
    "@esbuild/linux-arm": "npm:0.28.0"
    "@esbuild/linux-arm64": "npm:0.28.0"
    "@esbuild/linux-ia32": "npm:0.28.0"
    "@esbuild/linux-loong64": "npm:0.28.0"
    "@esbuild/linux-mips64el": "npm:0.28.0"
    "@esbuild/linux-ppc64": "npm:0.28.0"
    "@esbuild/linux-riscv64": "npm:0.28.0"
    "@esbuild/linux-s390x": "npm:0.28.0"
    "@esbuild/linux-x64": "npm:0.28.0"
    "@esbuild/netbsd-arm64": "npm:0.28.0"
    "@esbuild/netbsd-x64": "npm:0.28.0"
    "@esbuild/openbsd-arm64": "npm:0.28.0"
    "@esbuild/openbsd-x64": "npm:0.28.0"
    "@esbuild/openharmony-arm64": "npm:0.28.0"
    "@esbuild/sunos-x64": "npm:0.28.0"
    "@esbuild/win32-arm64": "npm:0.28.0"
    "@esbuild/win32-ia32": "npm:0.28.0"
    "@esbuild/win32-x64": "npm:0.28.0"
  dependenciesMeta:
    "@esbuild/aix-ppc64":
      optional: true
    "@esbuild/android-arm":
      optional: true
    "@esbuild/android-arm64":
      optional: true
    "@esbuild/android-x64":
      optional: true
    "@esbuild/darwin-arm64":
      optional: true
    "@esbuild/darwin-x64":
      optional: true
    "@esbuild/freebsd-arm64":
      optional: true
    "@esbuild/freebsd-x64":
      optional: true
    "@esbuild/linux-arm":
      optional: true
    "@esbuild/linux-arm64":
      optional: true
    "@esbuild/linux-ia32":
      optional: true
    "@esbuild/linux-loong64":
      optional: true
    "@esbuild/linux-mips64el":
      optional: true
    "@esbuild/linux-ppc64":
      optional: true
    "@esbuild/linux-riscv64":
      optional: true
    "@esbuild/linux-s390x":
      optional: true
    "@esbuild/linux-x64":
      optional: true
    "@esbuild/netbsd-arm64":
      optional: true
    "@esbuild/netbsd-x64":
      optional: true
    "@esbuild/openbsd-arm64":
      optional: true
    "@esbuild/openbsd-x64":
      optional: true
    "@esbuild/openharmony-arm64":
      optional: true
    "@esbuild/sunos-x64":
      optional: true
    "@esbuild/win32-arm64":
      optional: true
    "@esbuild/win32-ia32":
      optional: true
    "@esbuild/win32-x64":
      optional: true
  bin:
    esbuild: bin/esbuild
  checksum: 10c0/8acd95c238ec6c4a9d16163277faf228a8994b642d187b3fe667ffbb469008e6748cde144fdc3c175bf8e78ee49e15a0ed9b9f183fdb5fcea1772f87fb1372a4
  languageName: node
  linkType: hard

"exponential-backoff@npm:^3.1.1":
  version: 3.1.3
  resolution: "exponential-backoff@npm:3.1.3"
  checksum: 10c0/77e3ae682b7b1f4972f563c6dbcd2b0d54ac679e62d5d32f3e5085feba20483cf28bd505543f520e287a56d4d55a28d7874299941faf637e779a1aa5994d1267
  languageName: node
  linkType: hard

"fdir@npm:^6.5.0":
  version: 6.5.0
  resolution: "fdir@npm:6.5.0"
  peerDependencies:
    picomatch: ^3 || ^4
  peerDependenciesMeta:
    picomatch:
      optional: true
  checksum: 10c0/e345083c4306b3aed6cb8ec551e26c36bab5c511e99ea4576a16750ddc8d3240e63826cc624f5ae17ad4dc82e68a253213b60d556c11bfad064b7607847ed07f
  languageName: node
  linkType: hard

"find-elm-dependencies@npm:^2.0.4":
  version: 2.0.4
  resolution: "find-elm-dependencies@npm:2.0.4"
  dependencies:
    firstline: "npm:^1.2.0"
    lodash: "npm:^4.17.19"
  bin:
    find-elm-dependencies: bin/cli.js
  checksum: 10c0/f5fca6ab23963ea14031383b89444478075da219c27990f823c80237602c0e4e709944ed9d7cb9c28864200b3570a09e028eedc006fa6304d338188ad8e2b1fe
  languageName: node
  linkType: hard

"firstline@npm:^1.2.0":
  version: 1.3.1
  resolution: "firstline@npm:1.3.1"
  checksum: 10c0/70c283c7f7da874756b1220bb097111e2640417d7e96ab160e65d5d0a85c357e823173e1942ccd8583597d50c79295ae930a90b5cd9becd72d5286084a5afb92
  languageName: node
  linkType: hard

"fs.realpath@npm:^1.0.0":
  version: 1.0.0
  resolution: "fs.realpath@npm:1.0.0"
  checksum: 10c0/444cf1291d997165dfd4c0d58b69f0e4782bfd9149fd72faa4fe299e68e0e93d6db941660b37dd29153bf7186672ececa3b50b7e7249477b03fdf850f287c948
  languageName: node
  linkType: hard

"function-bind@npm:^1.1.2":
  version: 1.1.2
  resolution: "function-bind@npm:1.1.2"
  checksum: 10c0/d8680ee1e5fcd4c197e4ac33b2b4dce03c71f4d91717292785703db200f5c21f977c568d28061226f9b5900cbcd2c84463646134fd5337e7925e0942bc3f46d5
  languageName: node
  linkType: hard

"glob@npm:^7.1.3":
  version: 7.2.3
  resolution: "glob@npm:7.2.3"
  dependencies:
    fs.realpath: "npm:^1.0.0"
    inflight: "npm:^1.0.4"
    inherits: "npm:2"
    minimatch: "npm:^3.1.1"
    once: "npm:^1.3.0"
    path-is-absolute: "npm:^1.0.0"
  checksum: 10c0/65676153e2b0c9095100fe7f25a778bf45608eeb32c6048cf307f579649bcc30353277b3b898a3792602c65764e5baa4f643714dfbdfd64ea271d210c7a425fe
  languageName: node
  linkType: hard

"graceful-fs@npm:^4.2.6":
  version: 4.2.11
  resolution: "graceful-fs@npm:4.2.11"
  checksum: 10c0/386d011a553e02bc594ac2ca0bd6d9e4c22d7fa8cfbfc448a6d148c59ea881b092db9dbe3547ae4b88e55f1b01f7c4a2ecc53b310c042793e63aa44cf6c257f2
  languageName: node
  linkType: hard

"hasown@npm:^2.0.2":
  version: 2.0.2
  resolution: "hasown@npm:2.0.2"
  dependencies:
    function-bind: "npm:^1.1.2"
  checksum: 10c0/3769d434703b8ac66b209a4cca0737519925bbdb61dd887f93a16372b14694c63ff4e797686d87c90f08168e81082248b9b028bad60d4da9e0d1148766f56eb9
  languageName: node
  linkType: hard

"immutable@npm:^5.1.5":
  version: 5.1.5
  resolution: "immutable@npm:5.1.5"
  checksum: 10c0/8017ece1578e3c5939ba3305176aee059def1b8a90c7fa2a347ef583ebbd38cbe77ce1bbd786a5fab57e2da00bbcb0493b92e4332cdc4e1fe5cfb09a4688df31
  languageName: node
  linkType: hard

"inflight@npm:^1.0.4":
  version: 1.0.6
  resolution: "inflight@npm:1.0.6"
  dependencies:
    once: "npm:^1.3.0"
    wrappy: "npm:1"
  checksum: 10c0/7faca22584600a9dc5b9fca2cd5feb7135ac8c935449837b315676b4c90aa4f391ec4f42240178244b5a34e8bede1948627fda392ca3191522fc46b34e985ab2
  languageName: node
  linkType: hard

"inherits@npm:2":
  version: 2.0.4
  resolution: "inherits@npm:2.0.4"
  checksum: 10c0/4e531f648b29039fb7426fb94075e6545faa1eb9fe83c29f0b6d9e7263aceb4289d2d4557db0d428188eeb449cc7c5e77b0a0b2c4e248ff2a65933a0dee49ef2
  languageName: node
  linkType: hard

"is-core-module@npm:^2.16.1":
  version: 2.16.1
  resolution: "is-core-module@npm:2.16.1"
  dependencies:
    hasown: "npm:^2.0.2"
  checksum: 10c0/898443c14780a577e807618aaae2b6f745c8538eca5c7bc11388a3f2dc6de82b9902bcc7eb74f07be672b11bbe82dd6a6edded44a00cb3d8f933d0459905eedd
  languageName: node
  linkType: hard

"is-extglob@npm:^2.1.1":
  version: 2.1.1
  resolution: "is-extglob@npm:2.1.1"
  checksum: 10c0/5487da35691fbc339700bbb2730430b07777a3c21b9ebaecb3072512dfd7b4ba78ac2381a87e8d78d20ea08affb3f1971b4af629173a6bf435ff8a4c47747912
  languageName: node
  linkType: hard

"is-glob@npm:^4.0.3":
  version: 4.0.3
  resolution: "is-glob@npm:4.0.3"
  dependencies:
    is-extglob: "npm:^2.1.1"
  checksum: 10c0/17fb4014e22be3bbecea9b2e3a76e9e34ff645466be702f1693e8f1ee1adac84710d0be0bd9f967d6354036fd51ab7c2741d954d6e91dae6bb69714de92c197a
  languageName: node
  linkType: hard

"isexe@npm:^2.0.0":
  version: 2.0.0
  resolution: "isexe@npm:2.0.0"
  checksum: 10c0/228cfa503fadc2c31596ab06ed6aa82c9976eec2bfd83397e7eaf06d0ccf42cd1dfd6743bf9aeb01aebd4156d009994c5f76ea898d2832c1fe342da923ca457d
  languageName: node
  linkType: hard

"isexe@npm:^4.0.0":
  version: 4.0.0
  resolution: "isexe@npm:4.0.0"
  checksum: 10c0/5884815115bceac452877659a9c7726382531592f43dc29e5d48b7c4100661aed54018cb90bd36cb2eaeba521092570769167acbb95c18d39afdccbcca06c5ce
  languageName: node
  linkType: hard

"lodash@npm:^4.17.19":
  version: 4.17.21
  resolution: "lodash@npm:4.17.21"
  checksum: 10c0/d8cbea072bb08655bb4c989da418994b073a608dffa608b09ac04b43a791b12aeae7cd7ad919aa4c925f33b48490b5cfe6c1f71d827956071dae2e7bb3a6b74c
  languageName: node
  linkType: hard

"minimatch@npm:^3.1.1":
  version: 3.1.2
  resolution: "minimatch@npm:3.1.2"
  dependencies:
    brace-expansion: "npm:^1.1.7"
  checksum: 10c0/0262810a8fc2e72cca45d6fd86bd349eee435eb95ac6aa45c9ea2180e7ee875ef44c32b55b5973ceabe95ea12682f6e3725cbb63d7a2d1da3ae1163c8b210311
  languageName: node
  linkType: hard

"minimist@npm:^1.2.6":
  version: 1.2.8
  resolution: "minimist@npm:1.2.8"
  checksum: 10c0/19d3fcdca050087b84c2029841a093691a91259a47def2f18222f41e7645a0b7c44ef4b40e88a1e58a40c84d2ef0ee6047c55594d298146d0eb3f6b737c20ce6
  languageName: node
  linkType: hard

"minipass@npm:^7.0.4, minipass@npm:^7.1.2":
  version: 7.1.3
  resolution: "minipass@npm:7.1.3"
  checksum: 10c0/539da88daca16533211ea5a9ee98dc62ff5742f531f54640dd34429e621955e91cc280a91a776026264b7f9f6735947629f920944e9c1558369e8bf22eb33fbb
  languageName: node
  linkType: hard

"minizlib@npm:^3.1.0":
  version: 3.1.0
  resolution: "minizlib@npm:3.1.0"
  dependencies:
    minipass: "npm:^7.1.2"
  checksum: 10c0/5aad75ab0090b8266069c9aabe582c021ae53eb33c6c691054a13a45db3b4f91a7fb1bd79151e6b4e9e9a86727b522527c0a06ec7d45206b745d54cd3097bcec
  languageName: node
  linkType: hard

"mkdirp@npm:^0.5.1":
  version: 0.5.6
  resolution: "mkdirp@npm:0.5.6"
  dependencies:
    minimist: "npm:^1.2.6"
  bin:
    mkdirp: bin/cmd.js
  checksum: 10c0/e2e2be789218807b58abced04e7b49851d9e46e88a2f9539242cc8a92c9b5c3a0b9bab360bd3014e02a140fc4fbc58e31176c408b493f8a2a6f4986bd7527b01
  languageName: node
  linkType: hard

"nice-try@npm:^1.0.4":
  version: 1.0.5
  resolution: "nice-try@npm:1.0.5"
  checksum: 10c0/95568c1b73e1d0d4069a3e3061a2102d854513d37bcfda73300015b7ba4868d3b27c198d1dbbd8ebdef4112fc2ed9e895d4a0f2e1cce0bd334f2a1346dc9205f
  languageName: node
  linkType: hard

"node-addon-api@npm:^7.0.0":
  version: 7.1.1
  resolution: "node-addon-api@npm:7.1.1"
  dependencies:
    node-gyp: "npm:latest"
  checksum: 10c0/fb32a206276d608037fa1bcd7e9921e177fe992fc610d098aa3128baca3c0050fc1e014fa007e9b3874cf865ddb4f5bd9f43ccb7cbbbe4efaff6a83e920b17e9
  languageName: node
  linkType: hard

"node-elm-compiler@npm:^5.0.6":
  version: 5.0.6
  resolution: "node-elm-compiler@npm:5.0.6"
  dependencies:
    cross-spawn: "npm:6.0.5"
    find-elm-dependencies: "npm:^2.0.4"
    lodash: "npm:^4.17.19"
    temp: "npm:^0.9.0"
  checksum: 10c0/17cf83f08b6e4b99cab3ad555d44fcb84223cf96e54af400ae334933d440e2de9772064d976da337f1e07c1795ad4ab30eaa335b4d5a9cf0501bc4af020f1599
  languageName: node
  linkType: hard

"node-gyp@npm:latest":
  version: 12.3.0
  resolution: "node-gyp@npm:12.3.0"
  dependencies:
    env-paths: "npm:^2.2.0"
    exponential-backoff: "npm:^3.1.1"
    graceful-fs: "npm:^4.2.6"
    nopt: "npm:^9.0.0"
    proc-log: "npm:^6.0.0"
    semver: "npm:^7.3.5"
    tar: "npm:^7.5.4"
    tinyglobby: "npm:^0.2.12"
    undici: "npm:^6.25.0"
    which: "npm:^6.0.0"
  bin:
    node-gyp: bin/node-gyp.js
  checksum: 10c0/9d9032b405cbe42f72a105259d9eb679376470c102df4a2dbaa51e07d59bf741dcffb85897087ea9d8318b9cabb824a8978af51508ae142f0239ae1e6a3c2329
  languageName: node
  linkType: hard

"nopt@npm:^9.0.0":
  version: 9.0.0
  resolution: "nopt@npm:9.0.0"
  dependencies:
    abbrev: "npm:^4.0.0"
  bin:
    nopt: bin/nopt.js
  checksum: 10c0/1822eb6f9b020ef6f7a7516d7b64a8036e09666ea55ac40416c36e4b2b343122c3cff0e2f085675f53de1d2db99a2a89a60ccea1d120bcd6a5347bf6ceb4a7fd
  languageName: node
  linkType: hard

"once@npm:^1.3.0":
  version: 1.4.0
  resolution: "once@npm:1.4.0"
  dependencies:
    wrappy: "npm:1"
  checksum: 10c0/5d48aca287dfefabd756621c5dfce5c91a549a93e9fdb7b8246bc4c4790aa2ec17b34a260530474635147aeb631a2dcc8b32c613df0675f96041cbb8244517d0
  languageName: node
  linkType: hard

"oxc-parser@npm:^0.8.0":
  version: 0.8.0
  resolution: "oxc-parser@npm:0.8.0"
  dependencies:
    "@oxc-parser/binding-darwin-arm64": "npm:0.8.0"
    "@oxc-parser/binding-darwin-x64": "npm:0.8.0"
    "@oxc-parser/binding-linux-arm64-gnu": "npm:0.8.0"
    "@oxc-parser/binding-linux-arm64-musl": "npm:0.8.0"
    "@oxc-parser/binding-linux-x64-gnu": "npm:0.8.0"
    "@oxc-parser/binding-linux-x64-musl": "npm:0.8.0"
    "@oxc-parser/binding-win32-arm64-msvc": "npm:0.8.0"
    "@oxc-parser/binding-win32-x64-msvc": "npm:0.8.0"
  dependenciesMeta:
    "@oxc-parser/binding-darwin-arm64":
      optional: true
    "@oxc-parser/binding-darwin-x64":
      optional: true
    "@oxc-parser/binding-linux-arm64-gnu":
      optional: true
    "@oxc-parser/binding-linux-arm64-musl":
      optional: true
    "@oxc-parser/binding-linux-x64-gnu":
      optional: true
    "@oxc-parser/binding-linux-x64-musl":
      optional: true
    "@oxc-parser/binding-win32-arm64-msvc":
      optional: true
    "@oxc-parser/binding-win32-x64-msvc":
      optional: true
  checksum: 10c0/d12347c3f1de20b971a5a1fb4a6d450c8dd183afc282473bbd2b2acd09aeb596cc04269292301eed0d147d01eb38faab1bb5073e9b46f0b15dd21e42dce4e686
  languageName: node
  linkType: hard

"path-is-absolute@npm:^1.0.0":
  version: 1.0.1
  resolution: "path-is-absolute@npm:1.0.1"
  checksum: 10c0/127da03c82172a2a50099cddbf02510c1791fc2cc5f7713ddb613a56838db1e8168b121a920079d052e0936c23005562059756d653b7c544c53185efe53be078
  languageName: node
  linkType: hard

"path-key@npm:^2.0.1":
  version: 2.0.1
  resolution: "path-key@npm:2.0.1"
  checksum: 10c0/dd2044f029a8e58ac31d2bf34c34b93c3095c1481942960e84dd2faa95bbb71b9b762a106aead0646695330936414b31ca0bd862bf488a937ad17c8c5d73b32b
  languageName: node
  linkType: hard

"path-parse@npm:^1.0.7":
  version: 1.0.7
  resolution: "path-parse@npm:1.0.7"
  checksum: 10c0/11ce261f9d294cc7a58d6a574b7f1b935842355ec66fba3c3fd79e0f036462eaf07d0aa95bb74ff432f9afef97ce1926c720988c6a7451d8a584930ae7de86e1
  languageName: node
  linkType: hard

"picomatch@npm:^4.0.3, picomatch@npm:^4.0.4":
  version: 4.0.4
  resolution: "picomatch@npm:4.0.4"
  checksum: 10c0/e2c6023372cc7b5764719a5ffb9da0f8e781212fa7ca4bd0562db929df8e117460f00dff3cb7509dacfc06b86de924b247f504d0ce1806a37fac4633081466b0
  languageName: node
  linkType: hard

"proc-log@npm:^6.0.0":
  version: 6.1.0
  resolution: "proc-log@npm:6.1.0"
  checksum: 10c0/4f178d4062733ead9d71a9b1ab24ebcecdfe2250916a5b1555f04fe2eda972a0ec76fbaa8df1ad9c02707add6749219d118a4fc46dc56bdfe4dde4b47d80bb82
  languageName: node
  linkType: hard

"readdirp@npm:^4.0.1":
  version: 4.0.2
  resolution: "readdirp@npm:4.0.2"
  checksum: 10c0/a16ecd8ef3286dcd90648c3b103e3826db2b766cdb4a988752c43a83f683d01c7059158d623cbcd8bdfb39e65d302d285be2d208e7d9f34d022d912b929217dd
  languageName: node
  linkType: hard

"resolve@npm:^1.22.11":
  version: 1.22.12
  resolution: "resolve@npm:1.22.12"
  dependencies:
    es-errors: "npm:^1.3.0"
    is-core-module: "npm:^2.16.1"
    path-parse: "npm:^1.0.7"
    supports-preserve-symlinks-flag: "npm:^1.0.0"
  bin:
    resolve: bin/resolve
  checksum: 10c0/b16dc9b537c02e8c3388f7d3dcff9741d3071625f9a97ac1c885f2b0ca51e78df22328fb6d6ef214dd9101fb7cfc19aa2836fe3410402a94f3f7b8639c7149bf
  languageName: node
  linkType: hard

"resolve@patch:resolve@npm%3A^1.22.11#optional!builtin<compat/resolve>":
  version: 1.22.12
  resolution: "resolve@patch:resolve@npm%3A1.22.12#optional!builtin<compat/resolve>::version=1.22.12&hash=c3c19d"
  dependencies:
    es-errors: "npm:^1.3.0"
    is-core-module: "npm:^2.16.1"
    path-parse: "npm:^1.0.7"
    supports-preserve-symlinks-flag: "npm:^1.0.0"
  bin:
    resolve: bin/resolve
  checksum: 10c0/fc6519984ae1f894d877c0060ba8b1f5ba3bc0e85a02f74e141929c118c23d74d9735619a9cc2965397387e514884245c65d72a40731dcb6cfc84c7bcdc8321e
  languageName: node
  linkType: hard

"rimraf@npm:~2.6.2":
  version: 2.6.3
  resolution: "rimraf@npm:2.6.3"
  dependencies:
    glob: "npm:^7.1.3"
  bin:
    rimraf: ./bin.js
  checksum: 10c0/f1e646f8c567795f2916aef7aadf685b543da6b9a53e482bb04b07472c7eef2b476045ba1e29f401c301c66b630b22b815ab31fdd60c5e1ae6566ff523debf45
  languageName: node
  linkType: hard

"sass@npm:^1.97.3":
  version: 1.99.0
  resolution: "sass@npm:1.99.0"
  dependencies:
    "@parcel/watcher": "npm:^2.4.1"
    chokidar: "npm:^4.0.0"
    immutable: "npm:^5.1.5"
    source-map-js: "npm:>=0.6.2 <2.0.0"
  dependenciesMeta:
    "@parcel/watcher":
      optional: true
  bin:
    sass: sass.js
  checksum: 10c0/83c54a8c6decb79fff50dd9500d7932cf1cb7c5d9be4bc42bd3d537402c37bbee062aea6efdbdf9fb0b8697b18177d60c72bf101872336b93b1c27a2dc3621e1
  languageName: node
  linkType: hard

"semver@npm:^5.5.0":
  version: 5.7.2
  resolution: "semver@npm:5.7.2"
  bin:
    semver: bin/semver
  checksum: 10c0/e4cf10f86f168db772ae95d86ba65b3fd6c5967c94d97c708ccb463b778c2ee53b914cd7167620950fc07faf5a564e6efe903836639e512a1aa15fbc9667fa25
  languageName: node
  linkType: hard

"semver@npm:^7.3.5":
  version: 7.7.4
  resolution: "semver@npm:7.7.4"
  bin:
    semver: bin/semver.js
  checksum: 10c0/5215ad0234e2845d4ea5bb9d836d42b03499546ddafb12075566899fc617f68794bb6f146076b6881d755de17d6c6cc73372555879ec7dce2c2feee947866ad2
  languageName: node
  linkType: hard

"shebang-command@npm:^1.2.0":
  version: 1.2.0
  resolution: "shebang-command@npm:1.2.0"
  dependencies:
    shebang-regex: "npm:^1.0.0"
  checksum: 10c0/7b20dbf04112c456b7fc258622dafd566553184ac9b6938dd30b943b065b21dabd3776460df534cc02480db5e1b6aec44700d985153a3da46e7db7f9bd21326d
  languageName: node
  linkType: hard

"shebang-regex@npm:^1.0.0":
  version: 1.0.0
  resolution: "shebang-regex@npm:1.0.0"
  checksum: 10c0/9abc45dee35f554ae9453098a13fdc2f1730e525a5eb33c51f096cc31f6f10a4b38074c1ebf354ae7bffa7229506083844008dfc3bb7818228568c0b2dc1fff2
  languageName: node
  linkType: hard

"source-map-js@npm:>=0.6.2 <2.0.0":
  version: 1.2.1
  resolution: "source-map-js@npm:1.2.1"
  checksum: 10c0/7bda1fc4c197e3c6ff17de1b8b2c20e60af81b63a52cb32ec5a5d67a20a7d42651e2cb34ebe93833c5a2a084377e17455854fee3e21e7925c64a51b6a52b0faf
  languageName: node
  linkType: hard

"supports-preserve-symlinks-flag@npm:^1.0.0":
  version: 1.0.0
  resolution: "supports-preserve-symlinks-flag@npm:1.0.0"
  checksum: 10c0/6c4032340701a9950865f7ae8ef38578d8d7053f5e10518076e6554a9381fa91bd9c6850193695c141f32b21f979c985db07265a758867bac95de05f7d8aeb39
  languageName: node
  linkType: hard

"tar@npm:^7.5.4":
  version: 7.5.13
  resolution: "tar@npm:7.5.13"
  dependencies:
    "@isaacs/fs-minipass": "npm:^4.0.0"
    chownr: "npm:^3.0.0"
    minipass: "npm:^7.1.2"
    minizlib: "npm:^3.1.0"
    yallist: "npm:^5.0.0"
  checksum: 10c0/5c65b8084799bde7a791593a1c1a45d3d6ee98182e3700b24c247b7b8f8654df4191642abbdb07ff25043d45dcff35620827c3997b88ae6c12040f64bed5076b
  languageName: node
  linkType: hard

"temp@npm:^0.9.0":
  version: 0.9.4
  resolution: "temp@npm:0.9.4"
  dependencies:
    mkdirp: "npm:^0.5.1"
    rimraf: "npm:~2.6.2"
  checksum: 10c0/7a1cd75efa65b9ca97fc0dfa752673842d23fa41d9c641a447d86ca986eb7662f0d17771e1edf8d0149e76de3c6e7005faf2ccaa3baf64811c86d1d1a951dda7
  languageName: node
  linkType: hard

"tinyglobby@npm:^0.2.12":
  version: 0.2.16
  resolution: "tinyglobby@npm:0.2.16"
  dependencies:
    fdir: "npm:^6.5.0"
    picomatch: "npm:^4.0.4"
  checksum: 10c0/f2e09fd93dd95c41e522113b686ff6f7c13020962f8698a864a257f3d7737599afc47722b7ab726e12f8a813f779906187911ff8ee6701ede65072671a7e934b
  languageName: node
  linkType: hard

"undici@npm:^6.25.0":
  version: 6.25.0
  resolution: "undici@npm:6.25.0"
  checksum: 10c0/2597cc6689bdb02c210c557b1f85febbfda65becae6e6fc1061508e2f33734d25207f81cd8af56ada9956329eb3a7bd7431e87dcfeceba20ee87059b57dcf985
  languageName: node
  linkType: hard

"which@npm:^1.2.9":
  version: 1.3.1
  resolution: "which@npm:1.3.1"
  dependencies:
    isexe: "npm:^2.0.0"
  bin:
    which: ./bin/which
  checksum: 10c0/e945a8b6bbf6821aaaef7f6e0c309d4b615ef35699576d5489b4261da9539f70393c6b2ce700ee4321c18f914ebe5644bc4631b15466ffbaad37d83151f6af59
  languageName: node
  linkType: hard

"which@npm:^6.0.0":
  version: 6.0.1
  resolution: "which@npm:6.0.1"
  dependencies:
    isexe: "npm:^4.0.0"
  bin:
    node-which: bin/which.js
  checksum: 10c0/7e710e54ea36d2d6183bee2f9caa27a3b47b9baf8dee55a199b736fcf85eab3b9df7556fca3d02b50af7f3dfba5ea3a45644189836df06267df457e354da66d5
  languageName: node
  linkType: hard

"wrappy@npm:1":
  version: 1.0.2
  resolution: "wrappy@npm:1.0.2"
  checksum: 10c0/56fece1a4018c6a6c8e28fbc88c87e0fbf4ea8fd64fc6c63b18f4acc4bd13e0ad2515189786dd2c30d3eec9663d70f4ecf699330002f8ccb547e4a18231fc9f0
  languageName: node
  linkType: hard

"yallist@npm:^5.0.0":
  version: 5.0.0
  resolution: "yallist@npm:5.0.0"
  checksum: 10c0/a499c81ce6d4a1d260d4ea0f6d49ab4da09681e32c3f0472dee16667ed69d01dae63a3b81745a24bd78476ec4fcf856114cb4896ace738e01da34b2c42235416
  languageName: node
  linkType: hard
